{
  "name": "phase-2-challenge",
  "version": "1.0.0",
  "lockfileVersion": 1,
  "requires": true,
  "dependencies": {
    "console-assert": {
      "version": "1.0.0",
      "resolved": "https://registry.npmjs.org/console-assert/-/console-assert-1.0.0.tgz",
      "integrity": "sha1-cBZwKO8I7BZnoMaHIFqDYOsRc2c="
    }
  }
}
